
Microsoft Visual Studio Solution File, Format Version 12.00
# Visual Studio Version 16
VisualStudioVersion = 16.0.32510.428
MinimumVisualStudioVersion = 10.0.40219.1
Project("{FAE04EC0-301F-11D3-BF4B-00C04F79EFBC}") = "ShoppingCart_API", "ShoppingCart_API.csproj", "{19929816-328E-4D36-B3E8-5DA23248AAFD}"
EndProject
Global
	GlobalSection(SolutionConfigurationPlatforms) = preSolution
		Debug|Any CPU = Debug|Any CPU
		Release|Any CPU = Release|Any CPU
	EndGlobalSection
	GlobalSection(ProjectConfigurationPlatforms) = postSolution
		{19929816-328E-4D36-B3E8-5DA23248AAFD}.Debug|Any CPU.ActiveCfg = Debug|Any CPU
		{19929816-328E-4D36-B3E8-5DA23248AAFD}.Debug|Any CPU.Build.0 = Debug|Any CPU
		{19929816-328E-4D36-B3E8-5DA23248AAFD}.Release|Any CPU.ActiveCfg = Release|Any CPU
		{19929816-328E-4D36-B3E8-5DA23248AAFD}.Release|Any CPU.Build.0 = Release|Any CPU
	EndGlobalSection
	GlobalSection(SolutionProperties) = preSolution
		HideSolutionNode = FALSE
	EndGlobalSection
	GlobalSection(ExtensibilityGlobals) = postSolution
		SolutionGuid = {6D4C3C5A-EB9C-477A-A5E0-AA9C462B4B33}
	EndGlobalSection
EndGlobal
